<?xml version="1.0" encoding="utf-8"?>
<Project ToolsVersion="4.0" xmlns="http://schemas.microsoft.com/developer/msbuild/2003">
  <ItemGroup>
    <Filter Include="소스 파일">
      <UniqueIdentifier>{4FC737F1-C7A5-4376-A066-2A32D752A2FF}</UniqueIdentifier>
      <Extensions>cpp;c;cc;cxx;c++;cppm;ixx;def;odl;idl;hpj;bat;asm;asmx</Extensions>
    </Filter>
    <Filter Include="헤더 파일">
      <UniqueIdentifier>{93995380-89BD-4b04-88EB-625FBE52EBFB}</UniqueIdentifier>
      <Extensions>h;hh;hpp;hxx;h++;hm;inl;inc;ipp;xsd</Extensions>
    </Filter>
    <Filter Include="리소스 파일">
      <UniqueIdentifier>{67DA6AB6-F800-4c08-8B7A-83BB121AAD01}</UniqueIdentifier>
      <Extensions>rc;ico;cur;bmp;dlg;rc2;rct;bin;rgs;gif;jpg;jpeg;jpe;resx;tiff;tif;png;wav;mfcribbon-ms</Extensions>
    </Filter>
    <Filter Include="소스 파일\Prac1">
      <UniqueIdentifier>{a8d78c90-f1fe-44b8-83ae-df28d4f54d22}</UniqueIdentifier>
    </Filter>
    <Filter Include="소스 파일\Programmers">
      <UniqueIdentifier>{443e48f1-68b1-4788-84b4-8de7f79e0e8b}</UniqueIdentifier>
    </Filter>
    <Filter Include="소스 파일\Test01">
      <UniqueIdentifier>{b02d68cf-8e50-4a38-8370-28d797d9bbaf}</UniqueIdentifier>
    </Filter>
    <Filter Include="소스 파일\Backjoon">
      <UniqueIdentifier>{017f3865-e4bc-4023-99b8-102668b4d142}</UniqueIdentifier>
    </Filter>
    <Filter Include="소스 파일\Chapter 1 파이썬 문법">
      <UniqueIdentifier>{4ddf1f26-1e31-4bb8-b773-755048246c93}</UniqueIdentifier>
    </Filter>
    <Filter Include="소스 파일\Chapter 2 그리디&amp;구현">
      <UniqueIdentifier>{e74b747c-6743-4abe-9a93-7da439e14c91}</UniqueIdentifier>
    </Filter>
    <Filter Include="소스 파일\Chapter 3 DFS&amp;&amp;BFS">
      <UniqueIdentifier>{14eadfd1-8465-4202-94e7-e61f4722c235}</UniqueIdentifier>
    </Filter>
    <Filter Include="소스 파일\Chapter 4 정렬 알고리즘">
      <UniqueIdentifier>{ed841bda-2764-40f0-99af-9b6541e6c2c8}</UniqueIdentifier>
    </Filter>
    <Filter Include="소스 파일\Chapter 5 이진탐색 알고리즘">
      <UniqueIdentifier>{971f26e9-7ae9-4ce6-9e99-454bf5b91442}</UniqueIdentifier>
    </Filter>
    <Filter Include="소스 파일\Chapter 6 다이나믹 프로그래밍">
      <UniqueIdentifier>{4af7399e-d286-4c10-9e4c-496958279c19}</UniqueIdentifier>
    </Filter>
    <Filter Include="소스 파일\Chapter 7 최단 경로 알고리즘">
      <UniqueIdentifier>{0d167c53-b73e-444c-b9fe-f3b4e70a7f26}</UniqueIdentifier>
    </Filter>
    <Filter Include="소스 파일\Programmers\정렬">
      <UniqueIdentifier>{5653af40-dbf8-459b-8a89-ac9ef8d7bd11}</UniqueIdentifier>
    </Filter>
    <Filter Include="소스 파일\Programmers\이진탐색">
      <UniqueIdentifier>{7937db69-b928-48a7-9442-85c7d65f80e1}</UniqueIdentifier>
    </Filter>
    <Filter Include="소스 파일\Test02">
      <UniqueIdentifier>{81945bfe-5272-4c07-878d-538c96e407bb}</UniqueIdentifier>
    </Filter>
    <Filter Include="소스 파일\Programmers\다익스트라">
      <UniqueIdentifier>{26fdfefb-6e28-42ec-901f-781c6668d291}</UniqueIdentifier>
    </Filter>
    <Filter Include="소스 파일\Chapter 8 기타 그래프 이론">
      <UniqueIdentifier>{c98f9848-68c5-4d31-ad46-99ddc28dd19b}</UniqueIdentifier>
    </Filter>
  </ItemGroup>
  <ItemGroup>
    <ClCompile Include="combi.cpp">
      <Filter>소스 파일</Filter>
    </ClCompile>
    <ClCompile Include="1_3.cpp">
      <Filter>소스 파일\Chapter 1 파이썬 문법</Filter>
    </ClCompile>
    <ClCompile Include="1_4.cpp">
      <Filter>소스 파일\Chapter 1 파이썬 문법</Filter>
    </ClCompile>
    <ClCompile Include="1_5.cpp">
      <Filter>소스 파일\Chapter 1 파이썬 문법</Filter>
    </ClCompile>
    <ClCompile Include="1_6.cpp">
      <Filter>소스 파일\Chapter 1 파이썬 문법</Filter>
    </ClCompile>
    <ClCompile Include="2_1.cpp">
      <Filter>소스 파일\Chapter 2 그리디&amp;구현</Filter>
    </ClCompile>
    <ClCompile Include="2_2.cpp">
      <Filter>소스 파일\Chapter 2 그리디&amp;구현</Filter>
    </ClCompile>
    <ClCompile Include="2_3.cpp">
      <Filter>소스 파일\Chapter 2 그리디&amp;구현</Filter>
    </ClCompile>
    <ClCompile Include="2_4.cpp">
      <Filter>소스 파일\Chapter 2 그리디&amp;구현</Filter>
    </ClCompile>
    <ClCompile Include="2_5.cpp">
      <Filter>소스 파일\Chapter 2 그리디&amp;구현</Filter>
    </ClCompile>
    <ClCompile Include="3_1.cpp">
      <Filter>소스 파일\Chapter 3 DFS&amp;&amp;BFS</Filter>
    </ClCompile>
    <ClCompile Include="3_2.cpp">
      <Filter>소스 파일\Chapter 3 DFS&amp;&amp;BFS</Filter>
    </ClCompile>
    <ClCompile Include="3_3.cpp">
      <Filter>소스 파일\Chapter 3 DFS&amp;&amp;BFS</Filter>
    </ClCompile>
    <ClCompile Include="3_4.cpp">
      <Filter>소스 파일\Chapter 3 DFS&amp;&amp;BFS</Filter>
    </ClCompile>
    <ClCompile Include="3_5.cpp">
      <Filter>소스 파일\Chapter 3 DFS&amp;&amp;BFS</Filter>
    </ClCompile>
    <ClCompile Include="3_6.cpp">
      <Filter>소스 파일\Chapter 3 DFS&amp;&amp;BFS</Filter>
    </ClCompile>
    <ClCompile Include="3_7.cpp">
      <Filter>소스 파일\Chapter 3 DFS&amp;&amp;BFS</Filter>
    </ClCompile>
    <ClCompile Include="4_1.cpp">
      <Filter>소스 파일\Chapter 4 정렬 알고리즘</Filter>
    </ClCompile>
    <ClCompile Include="4_2.cpp">
      <Filter>소스 파일\Chapter 4 정렬 알고리즘</Filter>
    </ClCompile>
    <ClCompile Include="4_3.cpp">
      <Filter>소스 파일\Chapter 4 정렬 알고리즘</Filter>
    </ClCompile>
    <ClCompile Include="4_4.cpp">
      <Filter>소스 파일\Chapter 4 정렬 알고리즘</Filter>
    </ClCompile>
    <ClCompile Include="4_5.cpp">
      <Filter>소스 파일\Chapter 4 정렬 알고리즘</Filter>
    </ClCompile>
    <ClCompile Include="5_1.cpp">
      <Filter>소스 파일\Chapter 5 이진탐색 알고리즘</Filter>
    </ClCompile>
    <ClCompile Include="5_2.cpp">
      <Filter>소스 파일\Chapter 5 이진탐색 알고리즘</Filter>
    </ClCompile>
    <ClCompile Include="5_3.cpp">
      <Filter>소스 파일\Chapter 5 이진탐색 알고리즘</Filter>
    </ClCompile>
    <ClCompile Include="5_4.cpp">
      <Filter>소스 파일\Chapter 5 이진탐색 알고리즘</Filter>
    </ClCompile>
    <ClCompile Include="5_5.cpp">
      <Filter>소스 파일\Chapter 5 이진탐색 알고리즘</Filter>
    </ClCompile>
    <ClCompile Include="정수삼각형.cpp">
      <Filter>소스 파일\Chapter 6 다이나믹 프로그래밍</Filter>
    </ClCompile>
    <ClCompile Include="베스트 앨범.cpp">
      <Filter>소스 파일\Chapter 6 다이나믹 프로그래밍</Filter>
    </ClCompile>
    <ClCompile Include="신고결과받기.cpp">
      <Filter>소스 파일\Chapter 6 다이나믹 프로그래밍</Filter>
    </ClCompile>
    <ClCompile Include="설탕배달.cpp">
      <Filter>소스 파일\Chapter 6 다이나믹 프로그래밍</Filter>
    </ClCompile>
    <ClCompile Include="1로 만들기.cpp">
      <Filter>소스 파일\Chapter 6 다이나믹 프로그래밍</Filter>
    </ClCompile>
    <ClCompile Include="내려가기.cpp">
      <Filter>소스 파일\Chapter 6 다이나믹 프로그래밍</Filter>
    </ClCompile>
    <ClCompile Include="가장 큰 증가하는 부분 수열.cpp">
      <Filter>소스 파일\Chapter 6 다이나믹 프로그래밍</Filter>
    </ClCompile>
    <ClCompile Include="등굣길.cpp">
      <Filter>소스 파일\Chapter 6 다이나믹 프로그래밍</Filter>
    </ClCompile>
    <ClCompile Include="택배 배송.cpp">
      <Filter>소스 파일\Chapter 7 최단 경로 알고리즘</Filter>
    </ClCompile>
    <ClCompile Include="Prac1_1.cpp">
      <Filter>소스 파일\Prac1</Filter>
    </ClCompile>
    <ClCompile Include="Prac1_2.cpp">
      <Filter>소스 파일\Prac1</Filter>
    </ClCompile>
    <ClCompile Include="Prac1_3.cpp">
      <Filter>소스 파일\Prac1</Filter>
    </ClCompile>
    <ClCompile Include="Prac1_4.cpp">
      <Filter>소스 파일\Prac1</Filter>
    </ClCompile>
    <ClCompile Include="Prac1_5.cpp">
      <Filter>소스 파일\Prac1</Filter>
    </ClCompile>
    <ClCompile Include="Prac1_6.cpp">
      <Filter>소스 파일\Prac1</Filter>
    </ClCompile>
    <ClCompile Include="Prac1_7.cpp">
      <Filter>소스 파일\Prac1</Filter>
    </ClCompile>
    <ClCompile Include="Prac1_8.cpp">
      <Filter>소스 파일\Prac1</Filter>
    </ClCompile>
    <ClCompile Include="TargetNumber.cpp">
      <Filter>소스 파일\Programmers</Filter>
    </ClCompile>
    <ClCompile Include="GameMap_shortestRoute.cpp">
      <Filter>소스 파일\Programmers</Filter>
    </ClCompile>
    <ClCompile Include="network.cpp">
      <Filter>소스 파일\Programmers</Filter>
    </ClCompile>
    <ClCompile Include="A.cpp">
      <Filter>소스 파일\Test01</Filter>
    </ClCompile>
    <ClCompile Include="B.cpp">
      <Filter>소스 파일\Test01</Filter>
    </ClCompile>
    <ClCompile Include="C.cpp">
      <Filter>소스 파일\Test01</Filter>
    </ClCompile>
    <ClCompile Include="D.cpp">
      <Filter>소스 파일\Test01</Filter>
    </ClCompile>
    <ClCompile Include="E.cpp">
      <Filter>소스 파일\Test01</Filter>
    </ClCompile>
    <ClCompile Include="F.cpp">
      <Filter>소스 파일\Test01</Filter>
    </ClCompile>
    <ClCompile Include="SequenceAlignment.cpp">
      <Filter>소스 파일\Backjoon</Filter>
    </ClCompile>
    <ClCompile Include="NumberSorting.cpp">
      <Filter>소스 파일\Backjoon</Filter>
    </ClCompile>
    <ClCompile Include="NumberSorting2.cpp">
      <Filter>소스 파일\Backjoon</Filter>
    </ClCompile>
    <ClCompile Include="WordSorting.cpp">
      <Filter>소스 파일\Backjoon</Filter>
    </ClCompile>
    <ClCompile Include="ATM.cpp">
      <Filter>소스 파일\Backjoon</Filter>
    </ClCompile>
    <ClCompile Include="FindNumber.cpp">
      <Filter>소스 파일\Backjoon</Filter>
    </ClCompile>
    <ClCompile Include="OddClassification.cpp">
      <Filter>소스 파일\Programmers</Filter>
    </ClCompile>
    <ClCompile Include="5_6.cpp">
      <Filter>소스 파일\Chapter 5 이진탐색 알고리즘</Filter>
    </ClCompile>
    <ClCompile Include="5_7.cpp">
      <Filter>소스 파일\Chapter 5 이진탐색 알고리즘</Filter>
    </ClCompile>
    <ClCompile Include="RGB거리.cpp">
      <Filter>소스 파일\Chapter 6 다이나믹 프로그래밍</Filter>
    </ClCompile>
    <ClCompile Include="도둑질.cpp">
      <Filter>소스 파일\Chapter 6 다이나믹 프로그래밍</Filter>
    </ClCompile>
    <ClCompile Include="순회강연.cpp">
      <Filter>소스 파일\Chapter 7 최단 경로 알고리즘</Filter>
    </ClCompile>
    <ClCompile Include="K번째수.cpp">
      <Filter>소스 파일\Programmers\정렬</Filter>
    </ClCompile>
    <ClCompile Include="가장 큰 수.cpp">
      <Filter>소스 파일\Programmers\정렬</Filter>
    </ClCompile>
    <ClCompile Include="H-Index.cpp">
      <Filter>소스 파일\Programmers\정렬</Filter>
    </ClCompile>
    <ClCompile Include="파일명 정렬.cpp">
      <Filter>소스 파일\Programmers\정렬</Filter>
    </ClCompile>
    <ClCompile Include="입국심사.cpp">
      <Filter>소스 파일\Programmers\이진탐색</Filter>
    </ClCompile>
    <ClCompile Include="2+1세일.cpp">
      <Filter>소스 파일\Test02</Filter>
    </ClCompile>
    <ClCompile Include="눈송이.cpp">
      <Filter>소스 파일\Test02</Filter>
    </ClCompile>
    <ClCompile Include="7Krokod게임.cpp">
      <Filter>소스 파일\Test02</Filter>
    </ClCompile>
    <ClCompile Include="격자상의 경로.cpp">
      <Filter>소스 파일\Test02</Filter>
    </ClCompile>
    <ClCompile Include="점프.cpp">
      <Filter>소스 파일\Test02</Filter>
    </ClCompile>
    <ClCompile Include="6.cpp">
      <Filter>소스 파일\Test02</Filter>
    </ClCompile>
    <ClCompile Include="소가길을건너간이유4.cpp">
      <Filter>소스 파일\Chapter 7 최단 경로 알고리즘</Filter>
    </ClCompile>
    <ClCompile Include="파티.cpp">
      <Filter>소스 파일\Chapter 7 최단 경로 알고리즘</Filter>
    </ClCompile>
    <ClCompile Include="합승 택시 요금.cpp">
      <Filter>소스 파일\Chapter 7 최단 경로 알고리즘</Filter>
    </ClCompile>
    <ClCompile Include="다음 순열.cpp">
      <Filter>소스 파일\Chapter 7 최단 경로 알고리즘</Filter>
    </ClCompile>
    <ClCompile Include="배달.cpp">
      <Filter>소스 파일\Programmers\다익스트라</Filter>
    </ClCompile>
    <ClCompile Include="가장 먼 노드.cpp">
      <Filter>소스 파일\Programmers\다익스트라</Filter>
    </ClCompile>
    <ClCompile Include="등산코스 정하기.cpp">
      <Filter>소스 파일\Programmers\다익스트라</Filter>
    </ClCompile>
    <ClCompile Include="미로 탈출.cpp">
      <Filter>소스 파일\Programmers\다익스트라</Filter>
    </ClCompile>
    <ClCompile Include="장애물.cpp">
      <Filter>소스 파일\Chapter 7 최단 경로 알고리즘</Filter>
    </ClCompile>
    <ClCompile Include="도시분할계획.cpp">
      <Filter>소스 파일\Chapter 8 기타 그래프 이론</Filter>
    </ClCompile>
    <ClCompile Include="선수과목.cpp">
      <Filter>소스 파일\Chapter 8 기타 그래프 이론</Filter>
    </ClCompile>
    <ClCompile Include="작업.cpp">
      <Filter>소스 파일\Chapter 8 기타 그래프 이론</Filter>
    </ClCompile>
    <ClCompile Include="개인정보 수집 유효기간.cpp">
      <Filter>소스 파일\Chapter 8 기타 그래프 이론</Filter>
    </ClCompile>
    <ClCompile Include="신규 아이디 추천.cpp">
      <Filter>소스 파일\Chapter 8 기타 그래프 이론</Filter>
    </ClCompile>
  </ItemGroup>
</Project>